
Microsoft Visual Studio Solution File, Format Version 12.00
# Visual Studio Version 16
VisualStudioVersion = 16.0.31702.278
MinimumVisualStudioVersion = 10.0.40219.1
Project("{FAE04EC0-301F-11D3-BF4B-00C04F79EFBC}") = "ProjectVideoCRUD", "ProjectVideoCRUD\ProjectVideoCRUD.csproj", "{79E9B34C-80CA-4A58-8006-71D35E327336}"
EndProject
Global
	GlobalSection(SolutionConfigurationPlatforms) = preSolution
		Debug|Any CPU = Debug|Any CPU
		Release|Any CPU = Release|Any CPU
	EndGlobalSection
	GlobalSection(ProjectConfigurationPlatforms) = postSolution
		{79E9B34C-80CA-4A58-8006-71D35E327336}.Debug|Any CPU.ActiveCfg = Debug|Any CPU
		{79E9B34C-80CA-4A58-8006-71D35E327336}.Debug|Any CPU.Build.0 = Debug|Any CPU
		{79E9B34C-80CA-4A58-8006-71D35E327336}.Release|Any CPU.ActiveCfg = Release|Any CPU
		{79E9B34C-80CA-4A58-8006-71D35E327336}.Release|Any CPU.Build.0 = Release|Any CPU
	EndGlobalSection
	GlobalSection(SolutionProperties) = preSolution
		HideSolutionNode = FALSE
	EndGlobalSection
	GlobalSection(ExtensibilityGlobals) = postSolution
		SolutionGuid = {C16A93C3-839D-42E3-A09E-41D895B5F151}
	EndGlobalSection
EndGlobal
